<Solution>
  <Folder Name="/src/">
    <Project Path="src/Braziliation.Game.Core/Braziliation.Game.Core.csproj" />
  </Folder>
  <Folder Name="/tests/">
    <Project Path="Tests/Braziliation.Game.Tests/Braziliation.Game.Tests.csproj" />
  </Folder>
  <Folder Name="/Unity/">
    <Project Path="Assembly-CSharp.csproj" Id="dc76bdf8-3961-f742-0335-365d96c7f292" />
  </Folder>
</Solution>
